// !$*UTF8*$!
{
	archiveVersion = 1;
	classes = {
	};
	objectVersion = 50;
	objects = {

/* Begin PBXBuildFile section */
		3D2FCD7F26CDF624008CD97F /* URLServiceRouter.framework in Frameworks */ = {isa = PBXBuildFile; fileRef = 3D2FCD7526CDF623008CD97F /* URLServiceRouter.framework */; };
		3D2FCD8426CDF624008CD97F /* URLServiceRouterTests.swift in Sources */ = {isa = PBXBuildFile; fileRef = 3D2FCD8326CDF624008CD97F /* URLServiceRouterTests.swift */; };
		3D5DBF5626D4DC49009607EA /* URLServiceRouterProtocol.swift in Sources */ = {isa = PBXBuildFile; fileRef = 3D5DBF4B26D4DC49009607EA /* URLServiceRouterProtocol.swift */; };
		3D5DBF5726D4DC49009607EA /* URLServiceRequest.swift in Sources */ = {isa = PBXBuildFile; fileRef = 3D5DBF4D26D4DC49009607EA /* URLServiceRequest.swift */; };
		3D5DBF5826D4DC49009607EA /* URLServiceRouteResult.swift in Sources */ = {isa = PBXBuildFile; fileRef = 3D5DBF4E26D4DC49009607EA /* URLServiceRouteResult.swift */; };
		3D5DBF5926D4DC49009607EA /* URLServiceRouter.swift in Sources */ = {isa = PBXBuildFile; fileRef = 3D5DBF4F26D4DC49009607EA /* URLServiceRouter.swift */; };
		3D5DBF5A26D4DC49009607EA /* Extensions.swift in Sources */ = {isa = PBXBuildFile; fileRef = 3D5DBF5026D4DC49009607EA /* Extensions.swift */; };
		3D5DBF5B26D4DC49009607EA /* URLServiceNodel.swift in Sources */ = {isa = PBXBuildFile; fileRef = 3D5DBF5126D4DC49009607EA /* URLServiceNodel.swift */; };
		3D5DBF5C26D4DC49009607EA /* URLServiceNodeParser.swift in Sources */ = {isa = PBXBuildFile; fileRef = 3D5DBF5226D4DC49009607EA /* URLServiceNodeParser.swift */; };
		3D5DBF5D26D4DC49009607EA /* URLServiceNodeParserDecision.swift in Sources */ = {isa = PBXBuildFile; fileRef = 3D5DBF5326D4DC49009607EA /* URLServiceNodeParserDecision.swift */; };
		3D5DBF5E26D4DC49009607EA /* URLServiceError.swift in Sources */ = {isa = PBXBuildFile; fileRef = 3D5DBF5426D4DC49009607EA /* URLServiceError.swift */; };
		3D5DBF5F26D4DC49009607EA /* URLServiceRequestResponse.swift in Sources */ = {isa = PBXBuildFile; fileRef = 3D5DBF5526D4DC49009607EA /* URLServiceRequestResponse.swift */; };
		3D5DBFDC26D4E1E8009607EA /* URLServiceRequest.swift in Headers */ = {isa = PBXBuildFile; fileRef = 3D5DBF4D26D4DC49009607EA /* URLServiceRequest.swift */; settings = {ATTRIBUTES = (Public, ); }; };
		3D5DBFDD26D4E1E8009607EA /* URLServiceRouteResult.swift in Headers */ = {isa = PBXBuildFile; fileRef = 3D5DBF4E26D4DC49009607EA /* URLServiceRouteResult.swift */; settings = {ATTRIBUTES = (Public, ); }; };
		3D5DBFDE26D4E1E8009607EA /* URLServiceRouter.swift in Headers */ = {isa = PBXBuildFile; fileRef = 3D5DBF4F26D4DC49009607EA /* URLServiceRouter.swift */; settings = {ATTRIBUTES = (Public, ); }; };
		3D5DBFDF26D4E1E8009607EA /* Extensions.swift in Headers */ = {isa = PBXBuildFile; fileRef = 3D5DBF5026D4DC49009607EA /* Extensions.swift */; settings = {ATTRIBUTES = (Public, ); }; };
		3D5DBFE026D4E1E8009607EA /* URLServiceNodel.swift in Headers */ = {isa = PBXBuildFile; fileRef = 3D5DBF5126D4DC49009607EA /* URLServiceNodel.swift */; settings = {ATTRIBUTES = (Public, ); }; };
		3D5DBFE126D4E1E8009607EA /* URLServiceNodeParser.swift in Headers */ = {isa = PBXBuildFile; fileRef = 3D5DBF5226D4DC49009607EA /* URLServiceNodeParser.swift */; settings = {ATTRIBUTES = (Public, ); }; };
		3D5DBFE226D4E1E8009607EA /* URLServiceNodeParserDecision.swift in Headers */ = {isa = PBXBuildFile; fileRef = 3D5DBF5326D4DC49009607EA /* URLServiceNodeParserDecision.swift */; settings = {ATTRIBUTES = (Public, ); }; };
		3D5DBFE326D4E1E8009607EA /* URLServiceError.swift in Headers */ = {isa = PBXBuildFile; fileRef = 3D5DBF5426D4DC49009607EA /* URLServiceError.swift */; settings = {ATTRIBUTES = (Public, ); }; };
		3D5DBFE426D4E1E8009607EA /* URLServiceRequestResponse.swift in Headers */ = {isa = PBXBuildFile; fileRef = 3D5DBF5526D4DC49009607EA /* URLServiceRequestResponse.swift */; settings = {ATTRIBUTES = (Public, ); }; };
		3D5DBFE526D4E1E8009607EA /* URLServiceRouterProtocol.swift in Headers */ = {isa = PBXBuildFile; fileRef = 3D5DBF4B26D4DC49009607EA /* URLServiceRouterProtocol.swift */; settings = {ATTRIBUTES = (Public, ); }; };
/* End PBXBuildFile section */

/* Begin PBXContainerItemProxy section */
		3D2FCD8026CDF624008CD97F /* PBXContainerItemProxy */ = {
			isa = PBXContainerItemProxy;
			containerPortal = 3D2FCD6C26CDF623008CD97F /* Project object */;
			proxyType = 1;
			remoteGlobalIDString = 3D2FCD7426CDF623008CD97F;
			remoteInfo = URLServiceRouter;
		};
/* End PBXContainerItemProxy section */

/* Begin PBXFileReference section */
		3D2FCD7526CDF623008CD97F /* URLServiceRouter.framework */ = {isa = PBXFileReference; explicitFileType = wrapper.framework; includeInIndex = 0; path = URLServiceRouter.framework; sourceTree = BUILT_PRODUCTS_DIR; };
		3D2FCD7926CDF623008CD97F /* Info.plist */ = {isa = PBXFileReference; lastKnownFileType = text.plist.xml; path = Info.plist; sourceTree = "<group>"; };
		3D2FCD7E26CDF624008CD97F /* URLServiceRouterTests.xctest */ = {isa = PBXFileReference; explicitFileType = wrapper.cfbundle; includeInIndex = 0; path = URLServiceRouterTests.xctest; sourceTree = BUILT_PRODUCTS_DIR; };
		3D2FCD8326CDF624008CD97F /* URLServiceRouterTests.swift */ = {isa = PBXFileReference; lastKnownFileType = sourcecode.swift; path = URLServiceRouterTests.swift; sourceTree = "<group>"; };
		3D2FCD8526CDF624008CD97F /* Info.plist */ = {isa = PBXFileReference; lastKnownFileType = text.plist.xml; path = Info.plist; sourceTree = "<group>"; };
		3D5DBF4B26D4DC49009607EA /* URLServiceRouterProtocol.swift */ = {isa = PBXFileReference; fileEncoding = 4; lastKnownFileType = sourcecode.swift; name = URLServiceRouterProtocol.swift; path = ../../Sources/URLServiceRouter/URLServiceRouterProtocol.swift; sourceTree = "<group>"; };
		3D5DBF4D26D4DC49009607EA /* URLServiceRequest.swift */ = {isa = PBXFileReference; fileEncoding = 4; lastKnownFileType = sourcecode.swift; path = URLServiceRequest.swift; sourceTree = "<group>"; };
		3D5DBF4E26D4DC49009607EA /* URLServiceRouteResult.swift */ = {isa = PBXFileReference; fileEncoding = 4; lastKnownFileType = sourcecode.swift; path = URLServiceRouteResult.swift; sourceTree = "<group>"; };
		3D5DBF4F26D4DC49009607EA /* URLServiceRouter.swift */ = {isa = PBXFileReference; fileEncoding = 4; lastKnownFileType = sourcecode.swift; path = URLServiceRouter.swift; sourceTree = "<group>"; };
		3D5DBF5026D4DC49009607EA /* Extensions.swift */ = {isa = PBXFileReference; fileEncoding = 4; lastKnownFileType = sourcecode.swift; path = Extensions.swift; sourceTree = "<group>"; };
		3D5DBF5126D4DC49009607EA /* URLServiceNodel.swift */ = {isa = PBXFileReference; fileEncoding = 4; lastKnownFileType = sourcecode.swift; path = URLServiceNodel.swift; sourceTree = "<group>"; };
		3D5DBF5226D4DC49009607EA /* URLServiceNodeParser.swift */ = {isa = PBXFileReference; fileEncoding = 4; lastKnownFileType = sourcecode.swift; path = URLServiceNodeParser.swift; sourceTree = "<group>"; };
		3D5DBF5326D4DC49009607EA /* URLServiceNodeParserDecision.swift */ = {isa = PBXFileReference; fileEncoding = 4; lastKnownFileType = sourcecode.swift; path = URLServiceNodeParserDecision.swift; sourceTree = "<group>"; };
		3D5DBF5426D4DC49009607EA /* URLServiceError.swift */ = {isa = PBXFileReference; fileEncoding = 4; lastKnownFileType = sourcecode.swift; path = URLServiceError.swift; sourceTree = "<group>"; };
		3D5DBF5526D4DC49009607EA /* URLServiceRequestResponse.swift */ = {isa = PBXFileReference; fileEncoding = 4; lastKnownFileType = sourcecode.swift; path = URLServiceRequestResponse.swift; sourceTree = "<group>"; };
/* End PBXFileReference section */

/* Begin PBXFrameworksBuildPhase section */
		3D2FCD7226CDF623008CD97F /* Frameworks */ = {
			isa = PBXFrameworksBuildPhase;
			buildActionMask = 2147483647;
			files = (
			);
			runOnlyForDeploymentPostprocessing = 0;
		};
		3D2FCD7B26CDF624008CD97F /* Frameworks */ = {
			isa = PBXFrameworksBuildPhase;
			buildActionMask = 2147483647;
			files = (
				3D2FCD7F26CDF624008CD97F /* URLServiceRouter.framework in Frameworks */,
			);
			runOnlyForDeploymentPostprocessing = 0;
		};
/* End PBXFrameworksBuildPhase section */

/* Begin PBXGroup section */
		3D2FCD6B26CDF623008CD97F = {
			isa = PBXGroup;
			children = (
				3D2FCD7726CDF623008CD97F /* URLServiceRouter */,
				3D2FCD8226CDF624008CD97F /* URLServiceRouterTests */,
				3D2FCD7626CDF623008CD97F /* Products */,
			);
			sourceTree = "<group>";
		};
		3D2FCD7626CDF623008CD97F /* Products */ = {
			isa = PBXGroup;
			children = (
				3D2FCD7526CDF623008CD97F /* URLServiceRouter.framework */,
				3D2FCD7E26CDF624008CD97F /* URLServiceRouterTests.xctest */,
			);
			name = Products;
			sourceTree = "<group>";
		};
		3D2FCD7726CDF623008CD97F /* URLServiceRouter */ = {
			isa = PBXGroup;
			children = (
				3D5DBF4C26D4DC49009607EA /* URLServiceRouter */,
				3D5DBF4B26D4DC49009607EA /* URLServiceRouterProtocol.swift */,
				3D2FCD7926CDF623008CD97F /* Info.plist */,
			);
			path = URLServiceRouter;
			sourceTree = "<group>";
		};
		3D2FCD8226CDF624008CD97F /* URLServiceRouterTests */ = {
			isa = PBXGroup;
			children = (
				3D2FCD8326CDF624008CD97F /* URLServiceRouterTests.swift */,
				3D2FCD8526CDF624008CD97F /* Info.plist */,
			);
			path = URLServiceRouterTests;
			sourceTree = "<group>";
		};
		3D5DBF4C26D4DC49009607EA /* URLServiceRouter */ = {
			isa = PBXGroup;
			children = (
				3D5DBF5026D4DC49009607EA /* Extensions.swift */,
				3D5DBF5426D4DC49009607EA /* URLServiceError.swift */,
				3D5DBF5126D4DC49009607EA /* URLServiceNodel.swift */,
				3D5DBF5226D4DC49009607EA /* URLServiceNodeParser.swift */,
				3D5DBF5326D4DC49009607EA /* URLServiceNodeParserDecision.swift */,
				3D5DBF4D26D4DC49009607EA /* URLServiceRequest.swift */,
				3D5DBF5526D4DC49009607EA /* URLServiceRequestResponse.swift */,
				3D5DBF4F26D4DC49009607EA /* URLServiceRouter.swift */,
				3D5DBF4E26D4DC49009607EA /* URLServiceRouteResult.swift */,
			);
			name = URLServiceRouter;
			path = ../../Sources/URLServiceRouter/URLServiceRouter;
			sourceTree = "<group>";
		};
/* End PBXGroup section */

/* Begin PBXHeadersBuildPhase section */
		3D2FCD7026CDF623008CD97F /* Headers */ = {
			isa = PBXHeadersBuildPhase;
			buildActionMask = 2147483647;
			files = (
				3D5DBFDC26D4E1E8009607EA /* URLServiceRequest.swift in Headers */,
				3D5DBFDD26D4E1E8009607EA /* URLServiceRouteResult.swift in Headers */,
				3D5DBFDE26D4E1E8009607EA /* URLServiceRouter.swift in Headers */,
				3D5DBFDF26D4E1E8009607EA /* Extensions.swift in Headers */,
				3D5DBFE326D4E1E8009607EA /* URLServiceError.swift in Headers */,
				3D5DBFE226D4E1E8009607EA /* URLServiceNodeParserDecision.swift in Headers */,
				3D5DBFE126D4E1E8009607EA /* URLServiceNodeParser.swift in Headers */,
				3D5DBFE426D4E1E8009607EA /* URLServiceRequestResponse.swift in Headers */,
				3D5DBFE526D4E1E8009607EA /* URLServiceRouterProtocol.swift in Headers */,
				3D5DBFE026D4E1E8009607EA /* URLServiceNodel.swift in Headers */,
			);
			runOnlyForDeploymentPostprocessing = 0;
		};
/* End PBXHeadersBuildPhase section */

/* Begin PBXNativeTarget section */
		3D2FCD7426CDF623008CD97F /* URLServiceRouter */ = {
			isa = PBXNativeTarget;
			buildConfigurationList = 3D2FCD8926CDF624008CD97F /* Build configuration list for PBXNativeTarget "URLServiceRouter" */;
			buildPhases = (
				3D2FCD7026CDF623008CD97F /* Headers */,
				3D2FCD7126CDF623008CD97F /* Sources */,
				3D2FCD7226CDF623008CD97F /* Frameworks */,
			);
			buildRules = (
			);
			dependencies = (
			);
			name = URLServiceRouter;
			productName = URLServiceRouter;
			productReference = 3D2FCD7526CDF623008CD97F /* URLServiceRouter.framework */;
			productType = "com.apple.product-type.framework";
		};
		3D2FCD7D26CDF624008CD97F /* URLServiceRouterTests */ = {
			isa = PBXNativeTarget;
			buildConfigurationList = 3D2FCD8C26CDF624008CD97F /* Build configuration list for PBXNativeTarget "URLServiceRouterTests" */;
			buildPhases = (
				3D2FCD7A26CDF624008CD97F /* Sources */,
				3D2FCD7B26CDF624008CD97F /* Frameworks */,
				3D2FCD7C26CDF624008CD97F /* Resources */,
			);
			buildRules = (
			);
			dependencies = (
				3D2FCD8126CDF624008CD97F /* PBXTargetDependency */,
			);
			name = URLServiceRouterTests;
			productName = URLServiceRouterTests;
			productReference = 3D2FCD7E26CDF624008CD97F /* URLServiceRouterTests.xctest */;
			productType = "com.apple.product-type.bundle.unit-test";
		};
/* End PBXNativeTarget section */

/* Begin PBXProject section */
		3D2FCD6C26CDF623008CD97F /* Project object */ = {
			isa = PBXProject;
			attributes = {
				LastSwiftUpdateCheck = 1240;
				LastUpgradeCheck = 1240;
				TargetAttributes = {
					3D2FCD7426CDF623008CD97F = {
						CreatedOnToolsVersion = 12.4;
						LastSwiftMigration = 1240;
					};
					3D2FCD7D26CDF624008CD97F = {
						CreatedOnToolsVersion = 12.4;
					};
				};
			};
			buildConfigurationList = 3D2FCD6F26CDF623008CD97F /* Build configuration list for PBXProject "URLServiceRouter" */;
			compatibilityVersion = "Xcode 9.3";
			developmentRegion = en;
			hasScannedForEncodings = 0;
			knownRegions = (
				en,
				Base,
			);
			mainGroup = 3D2FCD6B26CDF623008CD97F;
			productRefGroup = 3D2FCD7626CDF623008CD97F /* Products */;
			projectDirPath = "";
			projectRoot = "";
			targets = (
				3D2FCD7426CDF623008CD97F /* URLServiceRouter */,
				3D2FCD7D26CDF624008CD97F /* URLServiceRouterTests */,
			);
		};
/* End PBXProject section */

/* Begin PBXResourcesBuildPhase section */
		3D2FCD7C26CDF624008CD97F /* Resources */ = {
			isa = PBXResourcesBuildPhase;
			buildActionMask = 2147483647;
			files = (
			);
			runOnlyForDeploymentPostprocessing = 0;
		};
/* End PBXResourcesBuildPhase section */

/* Begin PBXSourcesBuildPhase section */
		3D2FCD7126CDF623008CD97F /* Sources */ = {
			isa = PBXSourcesBuildPhase;
			buildActionMask = 2147483647;
			files = (
				3D5DBF5A26D4DC49009607EA /* Extensions.swift in Sources */,
				3D5DBF5E26D4DC49009607EA /* URLServiceError.swift in Sources */,
				3D5DBF5626D4DC49009607EA /* URLServiceRouterProtocol.swift in Sources */,
				3D5DBF5D26D4DC49009607EA /* URLServiceNodeParserDecision.swift in Sources */,
				3D5DBF5F26D4DC49009607EA /* URLServiceRequestResponse.swift in Sources */,
				3D5DBF5C26D4DC49009607EA /* URLServiceNodeParser.swift in Sources */,
				3D5DBF5726D4DC49009607EA /* URLServiceRequest.swift in Sources */,
				3D5DBF5926D4DC49009607EA /* URLServiceRouter.swift in Sources */,
				3D5DBF5B26D4DC49009607EA /* URLServiceNodel.swift in Sources */,
				3D5DBF5826D4DC49009607EA /* URLServiceRouteResult.swift in Sources */,
			);
			runOnlyForDeploymentPostprocessing = 0;
		};
		3D2FCD7A26CDF624008CD97F /* Sources */ = {
			isa = PBXSourcesBuildPhase;
			buildActionMask = 2147483647;
			files = (
				3D2FCD8426CDF624008CD97F /* URLServiceRouterTests.swift in Sources */,
			);
			runOnlyForDeploymentPostprocessing = 0;
		};
/* End PBXSourcesBuildPhase section */

/* Begin PBXTargetDependency section */
		3D2FCD8126CDF624008CD97F /* PBXTargetDependency */ = {
			isa = PBXTargetDependency;
			target = 3D2FCD7426CDF623008CD97F /* URLServiceRouter */;
			targetProxy = 3D2FCD8026CDF624008CD97F /* PBXContainerItemProxy */;
		};
/* End PBXTargetDependency section */

/* Begin XCBuildConfiguration section */
		3D2FCD8726CDF624008CD97F /* Debug */ = {
			isa = XCBuildConfiguration;
			buildSettings = {
				ALWAYS_SEARCH_USER_PATHS = NO;
				CLANG_ANALYZER_NONNULL = YES;
				CLANG_ANALYZER_NUMBER_OBJECT_CONVERSION = YES_AGGRESSIVE;
				CLANG_CXX_LANGUAGE_STANDARD = "gnu++14";
				CLANG_CXX_LIBRARY = "libc++";
				CLANG_ENABLE_MODULES = YES;
				CLANG_ENABLE_OBJC_ARC = YES;
				CLANG_ENABLE_OBJC_WEAK = YES;
				CLANG_WARN_BLOCK_CAPTURE_AUTORELEASING = YES;
				CLANG_WARN_BOOL_CONVERSION = YES;
				CLANG_WARN_COMMA = YES;
				CLANG_WARN_CONSTANT_CONVERSION = YES;
				CLANG_WARN_DEPRECATED_OBJC_IMPLEMENTATIONS = YES;
				CLANG_WARN_DIRECT_OBJC_ISA_USAGE = YES_ERROR;
				CLANG_WARN_DOCUMENTATION_COMMENTS = YES;
				CLANG_WARN_EMPTY_BODY = YES;
				CLANG_WARN_ENUM_CONVERSION = YES;
				CLANG_WARN_INFINITE_RECURSION = YES;
				CLANG_WARN_INT_CONVERSION = YES;
				CLANG_WARN_NON_LITERAL_NULL_CONVERSION = YES;
				CLANG_WARN_OBJC_IMPLICIT_RETAIN_SELF = YES;
				CLANG_WARN_OBJC_LITERAL_CONVERSION = YES;
				CLANG_WARN_OBJC_ROOT_CLASS = YES_ERROR;
				CLANG_WARN_QUOTED_INCLUDE_IN_FRAMEWORK_HEADER = YES;
				CLANG_WARN_RANGE_LOOP_ANALYSIS = YES;
				CLANG_WARN_STRICT_PROTOTYPES = YES;
				CLANG_WARN_SUSPICIOUS_MOVE = YES;
				CLANG_WARN_UNGUARDED_AVAILABILITY = YES_AGGRESSIVE;
				CLANG_WARN_UNREACHABLE_CODE = YES;
				CLANG_WARN__DUPLICATE_METHOD_MATCH = YES;
				COPY_PHASE_STRIP = NO;
				CURRENT_PROJECT_VERSION = 1;
				DEBUG_INFORMATION_FORMAT = dwarf;
				ENABLE_STRICT_OBJC_MSGSEND = YES;
				ENABLE_TESTABILITY = YES;
				GCC_C_LANGUAGE_STANDARD = gnu11;
				GCC_DYNAMIC_NO_PIC = NO;
				GCC_NO_COMMON_BLOCKS = YES;
				GCC_OPTIMIZATION_LEVEL = 0;
				GCC_PREPROCESSOR_DEFINITIONS = (
					"DEBUG=1",
					"$(inherited)",
				);
				GCC_WARN_64_TO_32_BIT_CONVERSION = YES;
				GCC_WARN_ABOUT_RETURN_TYPE = YES_ERROR;
				GCC_WARN_UNDECLARED_SELECTOR = YES;
				GCC_WARN_UNINITIALIZED_AUTOS = YES_AGGRESSIVE;
				GCC_WARN_UNUSED_FUNCTION = YES;
				GCC_WARN_UNUSED_VARIABLE = YES;
				IPHONEOS_DEPLOYMENT_TARGET = 9.0;
				MTL_ENABLE_DEBUG_INFO = INCLUDE_SOURCE;
				MTL_FAST_MATH = YES;
				ONLY_ACTIVE_ARCH = YES;
				SDKROOT = iphoneos;
				SWIFT_ACTIVE_COMPILATION_CONDITIONS = DEBUG;
				SWIFT_OPTIMIZATION_LEVEL = "-Onone";
				VERSIONING_SYSTEM = "apple-generic";
				VERSION_INFO_PREFIX = "";
			};
			name = Debug;
		};
		3D2FCD8826CDF624008CD97F /* Release */ = {
			isa = XCBuildConfiguration;
			buildSettings = {
				ALWAYS_SEARCH_USER_PATHS = NO;
				CLANG_ANALYZER_NONNULL = YES;
				CLANG_ANALYZER_NUMBER_OBJECT_CONVERSION = YES_AGGRESSIVE;
				CLANG_CXX_LANGUAGE_STANDARD = "gnu++14";
				CLANG_CXX_LIBRARY = "libc++";
				CLANG_ENABLE_MODULES = YES;
				CLANG_ENABLE_OBJC_ARC = YES;
				CLANG_ENABLE_OBJC_WEAK = YES;
				CLANG_WARN_BLOCK_CAPTURE_AUTORELEASING = YES;
				CLANG_WARN_BOOL_CONVERSION = YES;
				CLANG_WARN_COMMA = YES;
				CLANG_WARN_CONSTANT_CONVERSION = YES;
				CLANG_WARN_DEPRECATED_OBJC_IMPLEMENTATIONS = YES;
				CLANG_WARN_DIRECT_OBJC_ISA_USAGE = YES_ERROR;
				CLANG_WARN_DOCUMENTATION_COMMENTS = YES;
				CLANG_WARN_EMPTY_BODY = YES;
				CLANG_WARN_ENUM_CONVERSION = YES;
				CLANG_WARN_INFINITE_RECURSION = YES;
				CLANG_WARN_INT_CONVERSION = YES;
				CLANG_WARN_NON_LITERAL_NULL_CONVERSION = YES;
				CLANG_WARN_OBJC_IMPLICIT_RETAIN_SELF = YES;
				CLANG_WARN_OBJC_LITERAL_CONVERSION = YES;
				CLANG_WARN_OBJC_ROOT_CLASS = YES_ERROR;
				CLANG_WARN_QUOTED_INCLUDE_IN_FRAMEWORK_HEADER = YES;
				CLANG_WARN_RANGE_LOOP_ANALYSIS = YES;
				CLANG_WARN_STRICT_PROTOTYPES = YES;
				CLANG_WARN_SUSPICIOUS_MOVE = YES;
				CLANG_WARN_UNGUARDED_AVAILABILITY = YES_AGGRESSIVE;
				CLANG_WARN_UNREACHABLE_CODE = YES;
				CLANG_WARN__DUPLICATE_METHOD_MATCH = YES;
				COPY_PHASE_STRIP = NO;
				CURRENT_PROJECT_VERSION = 1;
				DEBUG_INFORMATION_FORMAT = "dwarf-with-dsym";
				ENABLE_NS_ASSERTIONS = NO;
				ENABLE_STRICT_OBJC_MSGSEND = YES;
				GCC_C_LANGUAGE_STANDARD = gnu11;
				GCC_NO_COMMON_BLOCKS = YES;
				GCC_WARN_64_TO_32_BIT_CONVERSION = YES;
				GCC_WARN_ABOUT_RETURN_TYPE = YES_ERROR;
				GCC_WARN_UNDECLARED_SELECTOR = YES;
				GCC_WARN_UNINITIALIZED_AUTOS = YES_AGGRESSIVE;
				GCC_WARN_UNUSED_FUNCTION = YES;
				GCC_WARN_UNUSED_VARIABLE = YES;
				IPHONEOS_DEPLOYMENT_TARGET = 9.0;
				MTL_ENABLE_DEBUG_INFO = NO;
				MTL_FAST_MATH = YES;
				SDKROOT = iphoneos;
				SWIFT_COMPILATION_MODE = wholemodule;
				SWIFT_OPTIMIZATION_LEVEL = "-O";
				VALIDATE_PRODUCT = YES;
				VERSIONING_SYSTEM = "apple-generic";
				VERSION_INFO_PREFIX = "";
			};
			name = Release;
		};
		3D2FCD8A26CDF624008CD97F /* Debug */ = {
			isa = XCBuildConfiguration;
			buildSettings = {
				CLANG_ENABLE_MODULES = YES;
				CODE_SIGN_STYLE = Automatic;
				DEFINES_MODULE = YES;
				DYLIB_COMPATIBILITY_VERSION = 1;
				DYLIB_CURRENT_VERSION = 1;
				DYLIB_INSTALL_NAME_BASE = "@rpath";
				INFOPLIST_FILE = URLServiceRouter/Info.plist;
				INSTALL_PATH = "$(LOCAL_LIBRARY_DIR)/Frameworks";
				IPHONEOS_DEPLOYMENT_TARGET = 10.0;
				"IPHONEOS_DEPLOYMENT_TARGET[sdk=macosx*]" = 13.1;
				LD_RUNPATH_SEARCH_PATHS = (
					"$(inherited)",
					"@executable_path/Frameworks",
					"@loader_path/Frameworks",
				);
				MARKETING_VERSION = 0.0.8;
				OTHER_LDFLAGS = "-all_load";
				PRODUCT_BUNDLE_IDENTIFIER = URLServiceRouter;
				PRODUCT_NAME = "$(TARGET_NAME:c99extidentifier)";
				SKIP_INSTALL = YES;
				SWIFT_OPTIMIZATION_LEVEL = "-Onone";
				SWIFT_VERSION = 5.0;
				TARGETED_DEVICE_FAMILY = "1,2";
			};
			name = Debug;
		};
		3D2FCD8B26CDF624008CD97F /* Release */ = {
			isa = XCBuildConfiguration;
			buildSettings = {
				CLANG_ENABLE_MODULES = YES;
				CODE_SIGN_STYLE = Automatic;
				DEFINES_MODULE = YES;
				DYLIB_COMPATIBILITY_VERSION = 1;
				DYLIB_CURRENT_VERSION = 1;
				DYLIB_INSTALL_NAME_BASE = "@rpath";
				"EXCLUDED_ARCHS[sdk=iphonesimulator*]" = arm64;
				INFOPLIST_FILE = URLServiceRouter/Info.plist;
				INSTALL_PATH = "$(LOCAL_LIBRARY_DIR)/Frameworks";
				IPHONEOS_DEPLOYMENT_TARGET = 10.0;
				"IPHONEOS_DEPLOYMENT_TARGET[sdk=macosx*]" = 13.1;
				LD_RUNPATH_SEARCH_PATHS = (
					"$(inherited)",
					"@executable_path/Frameworks",
					"@loader_path/Frameworks",
				);
				MARKETING_VERSION = 0.0.8;
				OTHER_LDFLAGS = "-all_load";
				PRODUCT_BUNDLE_IDENTIFIER = URLServiceRouter;
				PRODUCT_NAME = "$(TARGET_NAME:c99extidentifier)";
				SKIP_INSTALL = YES;
				SWIFT_VERSION = 5.0;
				TARGETED_DEVICE_FAMILY = "1,2";
			};
			name = Release;
		};
		3D2FCD8D26CDF624008CD97F /* Debug */ = {
			isa = XCBuildConfiguration;
			buildSettings = {
				ALWAYS_EMBED_SWIFT_STANDARD_LIBRARIES = YES;
				CODE_SIGN_STYLE = Automatic;
				INFOPLIST_FILE = URLServiceRouterTests/Info.plist;
				LD_RUNPATH_SEARCH_PATHS = (
					"$(inherited)",
					"@executable_path/Frameworks",
					"@loader_path/Frameworks",
				);
				PRODUCT_BUNDLE_IDENTIFIER = huanyu.li.URLServiceRouterTests;
				PRODUCT_NAME = "$(TARGET_NAME)";
				SWIFT_VERSION = 5.0;
				TARGETED_DEVICE_FAMILY = "1,2";
			};
			name = Debug;
		};
		3D2FCD8E26CDF624008CD97F /* Release */ = {
			isa = XCBuildConfiguration;
			buildSettings = {
				ALWAYS_EMBED_SWIFT_STANDARD_LIBRARIES = YES;
				CODE_SIGN_STYLE = Automatic;
				INFOPLIST_FILE = URLServiceRouterTests/Info.plist;
				LD_RUNPATH_SEARCH_PATHS = (
					"$(inherited)",
					"@executable_path/Frameworks",
					"@loader_path/Frameworks",
				);
				PRODUCT_BUNDLE_IDENTIFIER = huanyu.li.URLServiceRouterTests;
				PRODUCT_NAME = "$(TARGET_NAME)";
				SWIFT_VERSION = 5.0;
				TARGETED_DEVICE_FAMILY = "1,2";
			};
			name = Release;
		};
/* End XCBuildConfiguration section */

/* Begin XCConfigurationList section */
		3D2FCD6F26CDF623008CD97F /* Build configuration list for PBXProject "URLServiceRouter" */ = {
			isa = XCConfigurationList;
			buildConfigurations = (
				3D2FCD8726CDF624008CD97F /* Debug */,
				3D2FCD8826CDF624008CD97F /* Release */,
			);
			defaultConfigurationIsVisible = 0;
			defaultConfigurationName = Release;
		};
		3D2FCD8926CDF624008CD97F /* Build configuration list for PBXNativeTarget "URLServiceRouter" */ = {
			isa = XCConfigurationList;
			buildConfigurations = (
				3D2FCD8A26CDF624008CD97F /* Debug */,
				3D2FCD8B26CDF624008CD97F /* Release */,
			);
			defaultConfigurationIsVisible = 0;
			defaultConfigurationName = Release;
		};
		3D2FCD8C26CDF624008CD97F /* Build configuration list for PBXNativeTarget "URLServiceRouterTests" */ = {
			isa = XCConfigurationList;
			buildConfigurations = (
				3D2FCD8D26CDF624008CD97F /* Debug */,
				3D2FCD8E26CDF624008CD97F /* Release */,
			);
			defaultConfigurationIsVisible = 0;
			defaultConfigurationName = Release;
		};
/* End XCConfigurationList section */
	};
	rootObject = 3D2FCD6C26CDF623008CD97F /* Project object */;
}
